
Microsoft Visual Studio Solution File, Format Version 12.00
# Visual Studio Version 17
VisualStudioVersion = 17.4.33205.214
MinimumVisualStudioVersion = 10.0.40219.1
Project("{9A19103F-16F7-4668-BE54-9A1E7A4F7556}") = "Aplicación", "Aplicación\Aplicación.csproj", "{A1DDADE2-8B58-4A62-96BC-FFAAF8CB61FC}"
EndProject
Project("{2150E333-8FDC-42A3-9474-1A3956D46DE8}") = "1.FrontEnd", "1.FrontEnd", "{958F23A4-4886-4718-BBF7-6216F3EE7C33}"
EndProject
Project("{2150E333-8FDC-42A3-9474-1A3956D46DE8}") = "2.Bacckend", "2.Bacckend", "{ED7FECC1-C722-45A8-82C9-0491B55375F5}"
EndProject
Project("{2150E333-8FDC-42A3-9474-1A3956D46DE8}") = "WebApi", "WebApi", "{A84E3C67-335F-42EC-A3AE-369C2E526DDF}"
EndProject
Project("{2150E333-8FDC-42A3-9474-1A3956D46DE8}") = "Business Logic", "Business Logic", "{8B4C95B4-BA10-4F9E-B1CD-D981BD94A00B}"
EndProject
Project("{2150E333-8FDC-42A3-9474-1A3956D46DE8}") = "Data", "Data", "{68DAE70D-B6F3-42CE-B344-B2525C99707D}"
EndProject
Project("{FAE04EC0-301F-11D3-BF4B-00C04F79EFBC}") = "BusinessLogic", "BusinessLogic\BusinessLogic.csproj", "{C7F2C104-F192-45BE-8985-9A5A1C814A21}"
EndProject
Project("{FAE04EC0-301F-11D3-BF4B-00C04F79EFBC}") = "Data", "Data\Data.csproj", "{D88A1B94-5136-415C-BFE7-2F2CE18B76AC}"
EndProject
Global
	GlobalSection(SolutionConfigurationPlatforms) = preSolution
		Debug|Any CPU = Debug|Any CPU
		Release|Any CPU = Release|Any CPU
	EndGlobalSection
	GlobalSection(ProjectConfigurationPlatforms) = postSolution
		{A1DDADE2-8B58-4A62-96BC-FFAAF8CB61FC}.Debug|Any CPU.ActiveCfg = Debug|Any CPU
		{A1DDADE2-8B58-4A62-96BC-FFAAF8CB61FC}.Debug|Any CPU.Build.0 = Debug|Any CPU
		{A1DDADE2-8B58-4A62-96BC-FFAAF8CB61FC}.Release|Any CPU.ActiveCfg = Release|Any CPU
		{A1DDADE2-8B58-4A62-96BC-FFAAF8CB61FC}.Release|Any CPU.Build.0 = Release|Any CPU
		{C7F2C104-F192-45BE-8985-9A5A1C814A21}.Debug|Any CPU.ActiveCfg = Debug|Any CPU
		{C7F2C104-F192-45BE-8985-9A5A1C814A21}.Debug|Any CPU.Build.0 = Debug|Any CPU
		{C7F2C104-F192-45BE-8985-9A5A1C814A21}.Release|Any CPU.ActiveCfg = Release|Any CPU
		{C7F2C104-F192-45BE-8985-9A5A1C814A21}.Release|Any CPU.Build.0 = Release|Any CPU
		{D88A1B94-5136-415C-BFE7-2F2CE18B76AC}.Debug|Any CPU.ActiveCfg = Debug|Any CPU
		{D88A1B94-5136-415C-BFE7-2F2CE18B76AC}.Debug|Any CPU.Build.0 = Debug|Any CPU
		{D88A1B94-5136-415C-BFE7-2F2CE18B76AC}.Release|Any CPU.ActiveCfg = Release|Any CPU
		{D88A1B94-5136-415C-BFE7-2F2CE18B76AC}.Release|Any CPU.Build.0 = Release|Any CPU
	EndGlobalSection
	GlobalSection(SolutionProperties) = preSolution
		HideSolutionNode = FALSE
	EndGlobalSection
	GlobalSection(NestedProjects) = preSolution
		{A1DDADE2-8B58-4A62-96BC-FFAAF8CB61FC} = {A84E3C67-335F-42EC-A3AE-369C2E526DDF}
		{A84E3C67-335F-42EC-A3AE-369C2E526DDF} = {ED7FECC1-C722-45A8-82C9-0491B55375F5}
		{8B4C95B4-BA10-4F9E-B1CD-D981BD94A00B} = {ED7FECC1-C722-45A8-82C9-0491B55375F5}
		{68DAE70D-B6F3-42CE-B344-B2525C99707D} = {ED7FECC1-C722-45A8-82C9-0491B55375F5}
		{C7F2C104-F192-45BE-8985-9A5A1C814A21} = {8B4C95B4-BA10-4F9E-B1CD-D981BD94A00B}
		{D88A1B94-5136-415C-BFE7-2F2CE18B76AC} = {68DAE70D-B6F3-42CE-B344-B2525C99707D}
	EndGlobalSection
	GlobalSection(ExtensibilityGlobals) = postSolution
		SolutionGuid = {64CF8EF3-D244-4BCF-9A60-CCE83F87E839}
	EndGlobalSection
EndGlobal
